{
  "name": "ework-aio",
  "version": "0.5.19",
  "lockfileVersion": 3,
  "requires": true,
  "packages": {
    "": {
      "name": "ework-aio",
      "version": "0.5.19",
      "hasInstallScript": true,
      "license": "MIT",
      "dependencies": {
        "ework-daemon": "^0.2.1",
        "ework-web": "^0.4.3",
        "opencode-ework": "^0.1.0",
        "zod": "^3.23.0"
      },
      "bin": {
        "ework-aio": "bin/ework-aio"
      },
      "devDependencies": {
        "@types/bun": "latest",
        "typescript": "^5.4.0"
      },
      "engines": {
        "bun": ">=1.1.0"
      }
    },
    "node_modules/@ai-sdk/provider": {
      "version": "3.0.8",
      "license": "Apache-2.0",
      "dependencies": {
        "json-schema": "^0.4.0"
      },
      "engines": {
        "node": ">=18"
      }
    },
    "node_modules/@asamuzakjp/css-color": {
      "version": "5.1.11",
      "license": "MIT",
      "dependencies": {
        "@asamuzakjp/generational-cache": "^1.0.1",
        "@csstools/css-calc": "^3.2.0",
        "@csstools/css-color-parser": "^4.1.0",
        "@csstools/css-parser-algorithms": "^4.0.0",
        "@csstools/css-tokenizer": "^4.0.0"
      },
      "engines": {
        "node": "^20.19.0 || ^22.12.0 || >=24.0.0"
      }
    },
    "node_modules/@asamuzakjp/dom-selector": {
      "version": "7.1.1",
      "license": "MIT",
      "dependencies": {
        "@asamuzakjp/generational-cache": "^1.0.1",
        "@asamuzakjp/nwsapi": "^2.3.9",
        "bidi-js": "^1.0.3",
        "css-tree": "^3.2.1",
        "is-potential-custom-element-name": "^1.0.1"
      },
      "engines": {
        "node": "^20.19.0 || ^22.12.0 || >=24.0.0"
      }
    },
    "node_modules/@asamuzakjp/generational-cache": {
      "version": "1.0.1",
      "license": "MIT",
      "engines": {
        "node": "^20.19.0 || ^22.12.0 || >=24.0.0"
      }
    },
    "node_modules/@asamuzakjp/nwsapi": {
      "version": "2.3.9",
      "license": "MIT"
    },
    "node_modules/@bramus/specificity": {
      "version": "2.4.2",
      "license": "MIT",
      "dependencies": {
        "css-tree": "^3.0.0"
      },
      "bin": {
        "specificity": "bin/cli.js"
      }
    },
    "node_modules/@csstools/color-helpers": {
      "version": "6.1.0",
      "funding": [
        {
          "type": "github",
          "url": "https://github.com/sponsors/csstools"
        },
        {
          "type": "opencollective",
          "url": "https://opencollective.com/csstools"
        }
      ],
      "license": "MIT-0",
      "engines": {
        "node": ">=20.19.0"
      }
    },
    "node_modules/@csstools/css-calc": {
      "version": "3.2.1",
      "funding": [
        {
          "type": "github",
          "url": "https://github.com/sponsors/csstools"
        },
        {
          "type": "opencollective",
          "url": "https://opencollective.com/csstools"
        }
      ],
      "license": "MIT",
      "engines": {
        "node": ">=20.19.0"
      },
      "peerDependencies": {
        "@csstools/css-parser-algorithms": "^4.0.0",
        "@csstools/css-tokenizer": "^4.0.0"
      }
    },
    "node_modules/@csstools/css-color-parser": {
      "version": "4.1.9",
      "funding": [
        {
          "type": "github",
          "url": "https://github.com/sponsors/csstools"
        },
        {
          "type": "opencollective",
          "url": "https://opencollective.com/csstools"
        }
      ],
      "license": "MIT",
      "dependencies": {
        "@csstools/color-helpers": "^6.1.0",
        "@csstools/css-calc": "^3.2.1"
      },
      "engines": {
        "node": ">=20.19.0"
      },
      "peerDependencies": {
        "@csstools/css-parser-algorithms": "^4.0.0",
        "@csstools/css-tokenizer": "^4.0.0"
      }
    },
    "node_modules/@csstools/css-parser-algorithms": {
      "version": "4.0.0",
      "funding": [
        {
          "type": "github",
          "url": "https://github.com/sponsors/csstools"
        },
        {
          "type": "opencollective",
          "url": "https://opencollective.com/csstools"
        }
      ],
      "license": "MIT",
      "engines": {
        "node": ">=20.19.0"
      },
      "peerDependencies": {
        "@csstools/css-tokenizer": "^4.0.0"
      }
    },
    "node_modules/@csstools/css-syntax-patches-for-csstree": {
      "version": "1.1.6",
      "funding": [
        {
          "type": "github",
          "url": "https://github.com/sponsors/csstools"
        },
        {
          "type": "opencollective",
          "url": "https://opencollective.com/csstools"
        }
      ],
      "license": "MIT-0",
      "peerDependencies": {
        "css-tree": "^3.2.1"
      },
      "peerDependenciesMeta": {
        "css-tree": {
          "optional": true
        }
      }
    },
    "node_modules/@csstools/css-tokenizer": {
      "version": "4.0.0",
      "funding": [
        {
          "type": "github",
          "url": "https://github.com/sponsors/csstools"
        },
        {
          "type": "opencollective",
          "url": "https://opencollective.com/csstools"
        }
      ],
      "license": "MIT",
      "engines": {
        "node": ">=20.19.0"
      }
    },
    "node_modules/@exodus/bytes": {
      "version": "1.15.1",
      "license": "MIT",
      "engines": {
        "node": "^20.19.0 || ^22.12.0 || >=24.0.0"
      },
      "peerDependencies": {
        "@noble/hashes": "^1.8.0 || ^2.0.0"
      },
      "peerDependenciesMeta": {
        "@noble/hashes": {
          "optional": true
        }
      }
    },
    "node_modules/@msgpackr-extract/msgpackr-extract-darwin-arm64": {
      "version": "3.0.4",
      "resolved": "https://registry.npmjs.org/@msgpackr-extract/msgpackr-extract-darwin-arm64/-/msgpackr-extract-darwin-arm64-3.0.4.tgz",
      "integrity": "sha512-LCkGo6JDfaBhgST7UpPWgNgLINpcpabaHfyz5OBx75nUYxBsaEPxjnyNjWpeb/xBup/682QnBfRBy2/LvPutZQ==",
      "cpu": [
        "arm64"
      ],
      "license": "MIT",
      "optional": true,
      "os": [
        "darwin"
      ]
    },
    "node_modules/@msgpackr-extract/msgpackr-extract-darwin-x64": {
      "version": "3.0.4",
      "resolved": "https://registry.npmjs.org/@msgpackr-extract/msgpackr-extract-darwin-x64/-/msgpackr-extract-darwin-x64-3.0.4.tgz",
      "integrity": "sha512-zExlW9zUJKZH/tOtVMttwjKa4Xm/3KcNjnE3dPN92uCktwavMxpgCA3MoJK/DOnTWsQgo224OaST27/mPNAf+w==",
      "cpu": [
        "x64"
      ],
      "license": "MIT",
      "optional": true,
      "os": [
        "darwin"
      ]
    },
    "node_modules/@msgpackr-extract/msgpackr-extract-linux-arm": {
      "version": "3.0.4",
      "resolved": "https://registry.npmjs.org/@msgpackr-extract/msgpackr-extract-linux-arm/-/msgpackr-extract-linux-arm-3.0.4.tgz",
      "integrity": "sha512-Tg3yX65f5GbtXLkrYEHE5oibZG9epyYWas7FogTTEJeDEF9JlXJzKgXaNhT3UXlTOeA+AfZpYZYZ0uPj7Cfquw==",
      "cpu": [
        "arm"
      ],
      "license": "MIT",
      "optional": true,
      "os": [
        "linux"
      ]
    },
    "node_modules/@msgpackr-extract/msgpackr-extract-linux-arm64": {
      "version": "3.0.4",
      "resolved": "https://registry.npmjs.org/@msgpackr-extract/msgpackr-extract-linux-arm64/-/msgpackr-extract-linux-arm64-3.0.4.tgz",
      "integrity": "sha512-dgX0P/9wGPJeHFBG+ZmhgE6bmtMt7NP5CRBGyyktpopdk/mW4POnrpQsSLtKI1dwpc+pPLuXHDh6vvskyQE/sw==",
      "cpu": [
        "arm64"
      ],
      "license": "MIT",
      "optional": true,
      "os": [
        "linux"
      ]
    },
    "node_modules/@msgpackr-extract/msgpackr-extract-linux-x64": {
      "version": "3.0.4",
      "cpu": [
        "x64"
      ],
      "license": "MIT",
      "optional": true,
      "os": [
        "linux"
      ]
    },
    "node_modules/@msgpackr-extract/msgpackr-extract-win32-x64": {
      "version": "3.0.4",
      "resolved": "https://registry.npmjs.org/@msgpackr-extract/msgpackr-extract-win32-x64/-/msgpackr-extract-win32-x64-3.0.4.tgz",
      "integrity": "sha512-CmCXPQrkbwExx3j946/PtHWHbYJiCRBRDl4BlkRQcJB/YOwQxJRTpoo7aTsortjgoJ1x7opzTSxn7C+ASSLVjQ==",
      "cpu": [
        "x64"
      ],
      "license": "MIT",
      "optional": true,
      "os": [
        "win32"
      ]
    },
    "node_modules/@opencode-ai/plugin": {
      "version": "1.18.3",
      "license": "MIT",
      "dependencies": {
        "@ai-sdk/provider": "3.0.8",
        "@opencode-ai/sdk": "1.18.3",
        "effect": "4.0.0-beta.83",
        "zod": "4.1.8"
      },
      "peerDependencies": {
        "@opentui/core": ">=0.4.3",
        "@opentui/keymap": ">=0.4.3",
        "@opentui/solid": ">=0.4.3"
      },
      "peerDependenciesMeta": {
        "@opentui/core": {
          "optional": true
        },
        "@opentui/keymap": {
          "optional": true
        },
        "@opentui/solid": {
          "optional": true
        }
      }
    },
    "node_modules/@opencode-ai/plugin/node_modules/zod": {
      "version": "4.1.8",
      "license": "MIT",
      "funding": {
        "url": "https://github.com/sponsors/colinhacks"
      }
    },
    "node_modules/@opencode-ai/sdk": {
      "version": "1.18.3",
      "license": "MIT",
      "dependencies": {
        "cross-spawn": "7.0.6"
      }
    },
    "node_modules/@standard-schema/spec": {
      "version": "1.1.0",
      "license": "MIT"
    },
    "node_modules/@types/bun": {
      "version": "1.3.14",
      "resolved": "https://registry.npmjs.org/@types/bun/-/bun-1.3.14.tgz",
      "integrity": "sha512-h1hFqFVcvAvD9j9K7ZW7vd82aSA+rTdznZa+5bwvCwqSB1jmmfLcbIWhOLx1/+boy/xmjgCs/OMUL8hRJSmnPw==",
      "dev": true,
      "license": "MIT",
      "dependencies": {
        "bun-types": "1.3.14"
      }
    },
    "node_modules/@types/dompurify": {
      "version": "3.2.0",
      "deprecated": "This is a stub types definition. dompurify provides its own type definitions, so you do not need this installed.",
      "license": "MIT",
      "dependencies": {
        "dompurify": "*"
      }
    },
    "node_modules/@types/node": {
      "version": "26.1.1",
      "license": "MIT",
      "dependencies": {
        "undici-types": "~8.3.0"
      }
    },
    "node_modules/@types/trusted-types": {
      "version": "2.0.7",
      "license": "MIT",
      "optional": true
    },
    "node_modules/aws-ssl-profiles": {
      "version": "1.1.2",
      "resolved": "https://registry.npmjs.org/aws-ssl-profiles/-/aws-ssl-profiles-1.1.2.tgz",
      "integrity": "sha512-NZKeq9AfyQvEeNlN0zSYAaWrmBffJh3IELMZfRpJVWgrpEbtEpnjvzqBPf+mxoI287JohRDoa+/nsfqqiZmF6g==",
      "license": "MIT",
      "engines": {
        "node": ">= 6.0.0"
      }
    },
    "node_modules/bidi-js": {
      "version": "1.0.3",
      "license": "MIT",
      "dependencies": {
        "require-from-string": "^2.0.2"
      }
    },
    "node_modules/bun-types": {
      "version": "1.3.14",
      "dev": true,
      "license": "MIT",
      "dependencies": {
        "@types/node": "*"
      }
    },
    "node_modules/cross-spawn": {
      "version": "7.0.6",
      "license": "MIT",
      "dependencies": {
        "path-key": "^3.1.0",
        "shebang-command": "^2.0.0",
        "which": "^2.0.1"
      },
      "engines": {
        "node": ">= 8"
      }
    },
    "node_modules/css-tree": {
      "version": "3.2.1",
      "license": "MIT",
      "dependencies": {
        "mdn-data": "2.27.1",
        "source-map-js": "^1.2.1"
      },
      "engines": {
        "node": "^10 || ^12.20.0 || ^14.13.0 || >=15.0.0"
      }
    },
    "node_modules/data-urls": {
      "version": "7.0.0",
      "license": "MIT",
      "dependencies": {
        "whatwg-mimetype": "^5.0.0",
        "whatwg-url": "^16.0.0"
      },
      "engines": {
        "node": "^20.19.0 || ^22.12.0 || >=24.0.0"
      }
    },
    "node_modules/decimal.js": {
      "version": "10.6.0",
      "license": "MIT"
    },
    "node_modules/denque": {
      "version": "2.1.0",
      "resolved": "https://registry.npmjs.org/denque/-/denque-2.1.0.tgz",
      "integrity": "sha512-HVQE3AAb/pxF8fQAoiqpvg9i3evqug3hoiwakOyZAwJm+6vZehbkYXZ0l4JxS+I3QxM97v5aaRNhj8v5oBhekw==",
      "license": "Apache-2.0",
      "engines": {
        "node": ">=0.10"
      }
    },
    "node_modules/detect-libc": {
      "version": "2.1.2",
      "license": "Apache-2.0",
      "optional": true,
      "engines": {
        "node": ">=8"
      }
    },
    "node_modules/dompurify": {
      "version": "3.4.12",
      "license": "(MPL-2.0 OR Apache-2.0)",
      "optionalDependencies": {
        "@types/trusted-types": "^2.0.7"
      }
    },
    "node_modules/effect": {
      "version": "4.0.0-beta.83",
      "license": "MIT",
      "dependencies": {
        "@standard-schema/spec": "^1.1.0",
        "fast-check": "^4.8.0",
        "find-my-way-ts": "^0.1.6",
        "ini": "^7.0.0",
        "kubernetes-types": "^1.30.0",
        "msgpackr": "^2.0.1",
        "multipasta": "^0.2.7",
        "toml": "^4.1.1",
        "uuid": "^14.0.0",
        "yaml": "^2.9.0"
      }
    },
    "node_modules/entities": {
      "version": "8.0.0",
      "license": "BSD-2-Clause",
      "engines": {
        "node": ">=20.19.0"
      },
      "funding": {
        "url": "https://github.com/fb55/entities?sponsor=1"
      }
    },
    "node_modules/ework-daemon": {
      "version": "0.2.1",
      "resolved": "https://registry.npmjs.org/ework-daemon/-/ework-daemon-0.2.1.tgz",
      "integrity": "sha512-gPfH3wh0MMaW2MivsC9tzx7OJY/BqSaOJiH+1JqB6GgR4VNuamSJkiaf0kyY5gwYesej3CmEG7Hrzf4rlL+3CQ==",
      "license": "MIT",
      "dependencies": {
        "mysql2": "^3.23.1",
        "zod": "^4.4.3"
      },
      "bin": {
        "ework-daemon": "src/cli.ts",
        "ework-daemon-server": "bin/ework-daemon-server.js"
      },
      "engines": {
        "bun": ">=1.1.0"
      },
      "peerDependencies": {
        "typescript": "^5"
      }
    },
    "node_modules/ework-daemon/node_modules/zod": {
      "version": "4.4.3",
      "license": "MIT",
      "funding": {
        "url": "https://github.com/sponsors/colinhacks"
      }
    },
    "node_modules/ework-web": {
      "version": "0.4.3",
      "resolved": "https://registry.npmjs.org/ework-web/-/ework-web-0.4.3.tgz",
      "integrity": "sha512-di7hLSKjkREivkX1w8QdvTQ3jtxoQkp9t3eSSdkXVsooj7FAHRJUnNN0pzXliyY1BJ1bf0uOcrOj9dj8N4WI6g==",
      "license": "MIT",
      "dependencies": {
        "@types/dompurify": "^3.2.0",
        "dompurify": "^3.4.11",
        "highlight.js": "^11.10.0",
        "jsdom": "^29.1.1",
        "marked": "^15.0.0",
        "marked-highlight": "^2.2.0",
        "mysql2": "^3.23.1",
        "zod": "^3.23.8"
      },
      "bin": {
        "ework-web": "bin/ework-web.js"
      },
      "engines": {
        "bun": ">=1.1.0"
      }
    },
    "node_modules/fast-check": {
      "version": "4.9.0",
      "funding": [
        {
          "type": "individual",
          "url": "https://github.com/sponsors/dubzzz"
        },
        {
          "type": "opencollective",
          "url": "https://opencollective.com/fast-check"
        }
      ],
      "license": "MIT",
      "dependencies": {
        "pure-rand": "^8.0.0"
      },
      "engines": {
        "node": ">=12.17.0"
      }
    },
    "node_modules/find-my-way-ts": {
      "version": "0.1.6",
      "license": "MIT"
    },
    "node_modules/generate-function": {
      "version": "2.3.1",
      "resolved": "https://registry.npmjs.org/generate-function/-/generate-function-2.3.1.tgz",
      "integrity": "sha512-eeB5GfMNeevm/GRYq20ShmsaGcmI81kIX2K9XQx5miC8KdHaC6Jm0qQ8ZNeGOi7wYB8OsdxKs+Y2oVuTFuVwKQ==",
      "license": "MIT",
      "dependencies": {
        "is-property": "^1.0.2"
      }
    },
    "node_modules/highlight.js": {
      "version": "11.11.1",
      "license": "BSD-3-Clause",
      "engines": {
        "node": ">=12.0.0"
      }
    },
    "node_modules/html-encoding-sniffer": {
      "version": "6.0.0",
      "license": "MIT",
      "dependencies": {
        "@exodus/bytes": "^1.6.0"
      },
      "engines": {
        "node": "^20.19.0 || ^22.12.0 || >=24.0.0"
      }
    },
    "node_modules/iconv-lite": {
      "version": "0.7.3",
      "resolved": "https://registry.npmjs.org/iconv-lite/-/iconv-lite-0.7.3.tgz",
      "integrity": "sha512-IKXpvIzjnC9XTAUbVBcMfGS0EPaIXtW6v+zr+RRp+hqULEpo0owZax6wyRwPOJbWbzjYspQwusTsfVr0ifh4uQ==",
      "license": "MIT",
      "dependencies": {
        "safer-buffer": ">= 2.1.2 < 3.0.0"
      },
      "engines": {
        "node": ">=0.10.0"
      },
      "funding": {
        "type": "opencollective",
        "url": "https://opencollective.com/express"
      }
    },
    "node_modules/ini": {
      "version": "7.0.0",
      "license": "ISC",
      "engines": {
        "node": "^22.22.2 || ^24.15.0 || >=26.0.0"
      }
    },
    "node_modules/is-potential-custom-element-name": {
      "version": "1.0.1",
      "license": "MIT"
    },
    "node_modules/is-property": {
      "version": "1.0.2",
      "resolved": "https://registry.npmjs.org/is-property/-/is-property-1.0.2.tgz",
      "integrity": "sha512-Ks/IoX00TtClbGQr4TWXemAnktAQvYB7HzcCxDGqEZU6oCmb2INHuOoKxbtR+HFkmYWBKv/dOZtGRiAjDhj92g==",
      "license": "MIT"
    },
    "node_modules/isexe": {
      "version": "2.0.0",
      "license": "ISC"
    },
    "node_modules/jsdom": {
      "version": "29.1.1",
      "license": "MIT",
      "dependencies": {
        "@asamuzakjp/css-color": "^5.1.11",
        "@asamuzakjp/dom-selector": "^7.1.1",
        "@bramus/specificity": "^2.4.2",
        "@csstools/css-syntax-patches-for-csstree": "^1.1.3",
        "@exodus/bytes": "^1.15.0",
        "css-tree": "^3.2.1",
        "data-urls": "^7.0.0",
        "decimal.js": "^10.6.0",
        "html-encoding-sniffer": "^6.0.0",
        "is-potential-custom-element-name": "^1.0.1",
        "lru-cache": "^11.3.5",
        "parse5": "^8.0.1",
        "saxes": "^6.0.0",
        "symbol-tree": "^3.2.4",
        "tough-cookie": "^6.0.1",
        "undici": "^7.25.0",
        "w3c-xmlserializer": "^5.0.0",
        "webidl-conversions": "^8.0.1",
        "whatwg-mimetype": "^5.0.0",
        "whatwg-url": "^16.0.1",
        "xml-name-validator": "^5.0.0"
      },
      "engines": {
        "node": "^20.19.0 || ^22.13.0 || >=24.0.0"
      },
      "peerDependencies": {
        "canvas": "^3.0.0"
      },
      "peerDependenciesMeta": {
        "canvas": {
          "optional": true
        }
      }
    },
    "node_modules/json-schema": {
      "version": "0.4.0",
      "license": "(AFL-2.1 OR BSD-3-Clause)"
    },
    "node_modules/kubernetes-types": {
      "version": "1.30.0",
      "license": "Apache-2.0"
    },
    "node_modules/long": {
      "version": "5.3.2",
      "resolved": "https://registry.npmjs.org/long/-/long-5.3.2.tgz",
      "integrity": "sha512-mNAgZ1GmyNhD7AuqnTG3/VQ26o760+ZYBPKjPvugO8+nLbYfX6TVpJPseBvopbdY+qpZ/lKUnmEc1LeZYS3QAA==",
      "license": "Apache-2.0"
    },
    "node_modules/lru-cache": {
      "version": "11.5.2",
      "license": "BlueOak-1.0.0",
      "engines": {
        "node": "20 || >=22"
      }
    },
    "node_modules/lru.min": {
      "version": "1.1.4",
      "resolved": "https://registry.npmjs.org/lru.min/-/lru.min-1.1.4.tgz",
      "integrity": "sha512-DqC6n3QQ77zdFpCMASA1a3Jlb64Hv2N2DciFGkO/4L9+q/IpIAuRlKOvCXabtRW6cQf8usbmM6BE/TOPysCdIA==",
      "license": "MIT",
      "engines": {
        "bun": ">=1.0.0",
        "deno": ">=1.30.0",
        "node": ">=8.0.0"
      },
      "funding": {
        "type": "github",
        "url": "https://github.com/sponsors/wellwelwel"
      }
    },
    "node_modules/marked": {
      "version": "15.0.12",
      "license": "MIT",
      "bin": {
        "marked": "bin/marked.js"
      },
      "engines": {
        "node": ">= 18"
      }
    },
    "node_modules/marked-highlight": {
      "version": "2.2.4",
      "license": "MIT",
      "peerDependencies": {
        "marked": ">=4 <19"
      }
    },
    "node_modules/mdn-data": {
      "version": "2.27.1",
      "license": "CC0-1.0"
    },
    "node_modules/msgpackr": {
      "version": "2.0.4",
      "license": "MIT",
      "optionalDependencies": {
        "msgpackr-extract": "^3.0.4"
      }
    },
    "node_modules/msgpackr-extract": {
      "version": "3.0.4",
      "hasInstallScript": true,
      "license": "MIT",
      "optional": true,
      "dependencies": {
        "node-gyp-build-optional-packages": "5.2.2"
      },
      "bin": {
        "download-msgpackr-prebuilds": "bin/download-prebuilds.js"
      },
      "optionalDependencies": {
        "@msgpackr-extract/msgpackr-extract-darwin-arm64": "3.0.4",
        "@msgpackr-extract/msgpackr-extract-darwin-x64": "3.0.4",
        "@msgpackr-extract/msgpackr-extract-linux-arm": "3.0.4",
        "@msgpackr-extract/msgpackr-extract-linux-arm64": "3.0.4",
        "@msgpackr-extract/msgpackr-extract-linux-x64": "3.0.4",
        "@msgpackr-extract/msgpackr-extract-win32-x64": "3.0.4"
      }
    },
    "node_modules/multipasta": {
      "version": "0.2.8",
      "license": "MIT"
    },
    "node_modules/mysql2": {
      "version": "3.23.1",
      "resolved": "https://registry.npmjs.org/mysql2/-/mysql2-3.23.1.tgz",
      "integrity": "sha512-tTuRnC7qCet2IOfSNMYZ5SwXuBnfvBPAcIA28P0gtruXyZlU1LMxA6uha32kYypoFgyYklMqhLWwt4laYwXR/Q==",
      "license": "MIT",
      "dependencies": {
        "aws-ssl-profiles": "^1.1.2",
        "denque": "^2.1.0",
        "generate-function": "^2.3.1",
        "iconv-lite": "^0.7.2",
        "long": "^5.3.2",
        "lru.min": "^1.1.4",
        "named-placeholders": "^1.1.6",
        "sql-escaper": "^1.5.1"
      },
      "engines": {
        "node": ">= 8.0"
      },
      "peerDependencies": {
        "@types/node": ">= 8"
      }
    },
    "node_modules/named-placeholders": {
      "version": "1.1.6",
      "resolved": "https://registry.npmjs.org/named-placeholders/-/named-placeholders-1.1.6.tgz",
      "integrity": "sha512-Tz09sEL2EEuv5fFowm419c1+a/jSMiBjI9gHxVLrVdbUkkNUUfjsVYs9pVZu5oCon/kmRh9TfLEObFtkVxmY0w==",
      "license": "MIT",
      "dependencies": {
        "lru.min": "^1.1.0"
      },
      "engines": {
        "node": ">=8.0.0"
      }
    },
    "node_modules/node-gyp-build-optional-packages": {
      "version": "5.2.2",
      "license": "MIT",
      "optional": true,
      "dependencies": {
        "detect-libc": "^2.0.1"
      },
      "bin": {
        "node-gyp-build-optional-packages": "bin.js",
        "node-gyp-build-optional-packages-optional": "optional.js",
        "node-gyp-build-optional-packages-test": "build-test.js"
      }
    },
    "node_modules/opencode-ework": {
      "version": "0.1.0",
      "license": "MIT",
      "dependencies": {
        "@opencode-ai/plugin": "^1.4.3"
      }
    },
    "node_modules/parse5": {
      "version": "8.0.1",
      "license": "MIT",
      "dependencies": {
        "entities": "^8.0.0"
      },
      "funding": {
        "url": "https://github.com/inikulin/parse5?sponsor=1"
      }
    },
    "node_modules/path-key": {
      "version": "3.1.1",
      "license": "MIT",
      "engines": {
        "node": ">=8"
      }
    },
    "node_modules/punycode": {
      "version": "2.3.1",
      "license": "MIT",
      "engines": {
        "node": ">=6"
      }
    },
    "node_modules/pure-rand": {
      "version": "8.4.2",
      "funding": [
        {
          "type": "individual",
          "url": "https://github.com/sponsors/dubzzz"
        },
        {
          "type": "opencollective",
          "url": "https://opencollective.com/fast-check"
        }
      ],
      "license": "MIT"
    },
    "node_modules/require-from-string": {
      "version": "2.0.2",
      "license": "MIT",
      "engines": {
        "node": ">=0.10.0"
      }
    },
    "node_modules/safer-buffer": {
      "version": "2.1.2",
      "resolved": "https://registry.npmjs.org/safer-buffer/-/safer-buffer-2.1.2.tgz",
      "integrity": "sha512-YZo3K82SD7Riyi0E1EQPojLz7kpepnSQI9IyPbHHg1XXXevb5dJI7tpyN2ADxGcQbHG7vcyRHk0cbwqcQriUtg==",
      "license": "MIT"
    },
    "node_modules/saxes": {
      "version": "6.0.0",
      "license": "ISC",
      "dependencies": {
        "xmlchars": "^2.2.0"
      },
      "engines": {
        "node": ">=v12.22.7"
      }
    },
    "node_modules/shebang-command": {
      "version": "2.0.0",
      "license": "MIT",
      "dependencies": {
        "shebang-regex": "^3.0.0"
      },
      "engines": {
        "node": ">=8"
      }
    },
    "node_modules/shebang-regex": {
      "version": "3.0.0",
      "license": "MIT",
      "engines": {
        "node": ">=8"
      }
    },
    "node_modules/source-map-js": {
      "version": "1.2.1",
      "license": "BSD-3-Clause",
      "engines": {
        "node": ">=0.10.0"
      }
    },
    "node_modules/sql-escaper": {
      "version": "1.5.1",
      "resolved": "https://registry.npmjs.org/sql-escaper/-/sql-escaper-1.5.1.tgz",
      "integrity": "sha512-4toX5E1fQbBrpfXidaHnF0669nkAdETeIPTs2SUjxxD7RRIs9ICG4gtpmfc68JCEKehsdwLFqBu9VlQqZ1P1gg==",
      "license": "MIT",
      "engines": {
        "bun": ">=1.0.0",
        "deno": ">=2.0.0",
        "node": ">=12.0.0"
      },
      "funding": {
        "type": "github",
        "url": "https://github.com/mysqljs/sql-escaper?sponsor=1"
      }
    },
    "node_modules/symbol-tree": {
      "version": "3.2.4",
      "license": "MIT"
    },
    "node_modules/tldts": {
      "version": "7.4.9",
      "license": "MIT",
      "dependencies": {
        "tldts-core": "^7.4.9"
      },
      "bin": {
        "tldts": "bin/cli.js"
      }
    },
    "node_modules/tldts-core": {
      "version": "7.4.9",
      "license": "MIT"
    },
    "node_modules/toml": {
      "version": "4.3.0",
      "license": "MIT",
      "engines": {
        "node": ">=20"
      }
    },
    "node_modules/tough-cookie": {
      "version": "6.0.2",
      "license": "BSD-3-Clause",
      "dependencies": {
        "tldts": "^7.0.5"
      },
      "engines": {
        "node": ">=16"
      }
    },
    "node_modules/tr46": {
      "version": "6.0.0",
      "license": "MIT",
      "dependencies": {
        "punycode": "^2.3.1"
      },
      "engines": {
        "node": ">=20"
      }
    },
    "node_modules/typescript": {
      "version": "5.9.3",
      "license": "Apache-2.0",
      "bin": {
        "tsc": "bin/tsc",
        "tsserver": "bin/tsserver"
      },
      "engines": {
        "node": ">=14.17"
      }
    },
    "node_modules/undici": {
      "version": "7.28.0",
      "license": "MIT",
      "engines": {
        "node": ">=20.18.1"
      }
    },
    "node_modules/undici-types": {
      "version": "8.3.0",
      "license": "MIT"
    },
    "node_modules/uuid": {
      "version": "14.0.1",
      "funding": [
        "https://github.com/sponsors/broofa",
        "https://github.com/sponsors/ctavan"
      ],
      "license": "MIT",
      "bin": {
        "uuid": "dist-node/bin/uuid"
      }
    },
    "node_modules/w3c-xmlserializer": {
      "version": "5.0.0",
      "license": "MIT",
      "dependencies": {
        "xml-name-validator": "^5.0.0"
      },
      "engines": {
        "node": ">=18"
      }
    },
    "node_modules/webidl-conversions": {
      "version": "8.0.1",
      "license": "BSD-2-Clause",
      "engines": {
        "node": ">=20"
      }
    },
    "node_modules/whatwg-mimetype": {
      "version": "5.0.0",
      "license": "MIT",
      "engines": {
        "node": ">=20"
      }
    },
    "node_modules/whatwg-url": {
      "version": "16.0.1",
      "license": "MIT",
      "dependencies": {
        "@exodus/bytes": "^1.11.0",
        "tr46": "^6.0.0",
        "webidl-conversions": "^8.0.1"
      },
      "engines": {
        "node": "^20.19.0 || ^22.12.0 || >=24.0.0"
      }
    },
    "node_modules/which": {
      "version": "2.0.2",
      "license": "ISC",
      "dependencies": {
        "isexe": "^2.0.0"
      },
      "bin": {
        "node-which": "bin/node-which"
      },
      "engines": {
        "node": ">= 8"
      }
    },
    "node_modules/xml-name-validator": {
      "version": "5.0.0",
      "license": "Apache-2.0",
      "engines": {
        "node": ">=18"
      }
    },
    "node_modules/xmlchars": {
      "version": "2.2.0",
      "license": "MIT"
    },
    "node_modules/yaml": {
      "version": "2.9.0",
      "license": "ISC",
      "bin": {
        "yaml": "bin.mjs"
      },
      "engines": {
        "node": ">= 14.6"
      },
      "funding": {
        "url": "https://github.com/sponsors/eemeli"
      }
    },
    "node_modules/zod": {
      "version": "3.25.76",
      "license": "MIT",
      "funding": {
        "url": "https://github.com/sponsors/colinhacks"
      }
    }
  }
}
